// !$*UTF8*$!
{
	archiveVersion = 1;
	classes = {
	};
	objectVersion = 48;
	objects = {

/* Begin PBXBuildFile section */
		073C1D3D2084F4E800E7E1D8 /* AppDelegate.swift in Sources */ = {isa = PBXBuildFile; fileRef = 073C1D3C2084F4E800E7E1D8 /* AppDelegate.swift */; };
		073C1D3F2084F4E800E7E1D8 /* ViewController.swift in Sources */ = {isa = PBXBuildFile; fileRef = 073C1D3E2084F4E800E7E1D8 /* ViewController.swift */; };
		073C1D422084F4E800E7E1D8 /* Main.storyboard in Resources */ = {isa = PBXBuildFile; fileRef = 073C1D402084F4E800E7E1D8 /* Main.storyboard */; };
		073C1D442084F4E800E7E1D8 /* Assets.xcassets in Resources */ = {isa = PBXBuildFile; fileRef = 073C1D432084F4E800E7E1D8 /* Assets.xcassets */; };
		073C1D472084F4E800E7E1D8 /* LaunchScreen.storyboard in Resources */ = {isa = PBXBuildFile; fileRef = 073C1D452084F4E800E7E1D8 /* LaunchScreen.storyboard */; };
/* End PBXBuildFile section */

/* Begin PBXFileReference section */
		073C1D392084F4E800E7E1D8 /* AppSuggest.app */ = {isa = PBXFileReference; explicitFileType = wrapper.application; includeInIndex = 0; path = AppSuggest.app; sourceTree = BUILT_PRODUCTS_DIR; };
		073C1D3C2084F4E800E7E1D8 /* AppDelegate.swift */ = {isa = PBXFileReference; lastKnownFileType = sourcecode.swift; path = AppDelegate.swift; sourceTree = "<group>"; };
		073C1D3E2084F4E800E7E1D8 /* ViewController.swift */ = {isa = PBXFileReference; lastKnownFileType = sourcecode.swift; path = ViewController.swift; sourceTree = "<group>"; };
		073C1D412084F4E800E7E1D8 /* Base */ = {isa = PBXFileReference; lastKnownFileType = file.storyboard; name = Base; path = Base.lproj/Main.storyboard; sourceTree = "<group>"; };
		073C1D432084F4E800E7E1D8 /* Assets.xcassets */ = {isa = PBXFileReference; lastKnownFileType = folder.assetcatalog; path = Assets.xcassets; sourceTree = "<group>"; };
		073C1D462084F4E800E7E1D8 /* Base */ = {isa = PBXFileReference; lastKnownFileType = file.storyboard; name = Base; path = Base.lproj/LaunchScreen.storyboard; sourceTree = "<group>"; };
		073C1D482084F4E800E7E1D8 /* Info.plist */ = {isa = PBXFileReference; lastKnownFileType = text.plist.xml; path = Info.plist; sourceTree = "<group>"; };
/* End PBXFileReference section */

/* Begin PBXFrameworksBuildPhase section */
		073C1D362084F4E800E7E1D8 /* Frameworks */ = {
			isa = PBXFrameworksBuildPhase;
			buildActionMask = 2147483647;
			files = (
			);
			runOnlyForDeploymentPostprocessing = 0;
		};
/* End PBXFrameworksBuildPhase section */

/* Begin PBXGroup section */
		073C1D302084F4E800E7E1D8 = {
			isa = PBXGroup;
			children = (
				073C1D3B2084F4E800E7E1D8 /* AppSuggest */,
				073C1D3A2084F4E800E7E1D8 /* Products */,
			);
			sourceTree = "<group>";
		};
		073C1D3A2084F4E800E7E1D8 /* Products */ = {
			isa = PBXGroup;
			children = (
				073C1D392084F4E800E7E1D8 /* AppSuggest.app */,
			);
			name = Products;
			sourceTree = "<group>";
		};
		073C1D3B2084F4E800E7E1D8 /* AppSuggest */ = {
			isa = PBXGroup;
			children = (
				073C1D502084F5DC00E7E1D8 /* Model */,
				073C1D4F2084F5D300E7E1D8 /* Controller */,
				073C1D4E2084F5C300E7E1D8 /* View */,
				073C1D432084F4E800E7E1D8 /* Assets.xcassets */,
				073C1D3C2084F4E800E7E1D8 /* AppDelegate.swift */,
				073C1D482084F4E800E7E1D8 /* Info.plist */,
			);
			path = AppSuggest;
			sourceTree = "<group>";
		};
		073C1D4E2084F5C300E7E1D8 /* View */ = {
			isa = PBXGroup;
			children = (
				073C1D402084F4E800E7E1D8 /* Main.storyboard */,
				073C1D452084F4E800E7E1D8 /* LaunchScreen.storyboard */,
			);
			path = View;
			sourceTree = "<group>";
		};
		073C1D4F2084F5D300E7E1D8 /* Controller */ = {
			isa = PBXGroup;
			children = (
				073C1D3E2084F4E800E7E1D8 /* ViewController.swift */,
			);
			path = Controller;
			sourceTree = "<group>";
		};
		073C1D502084F5DC00E7E1D8 /* Model */ = {
			isa = PBXGroup;
			children = (
			);
			path = Model;
			sourceTree = "<group>";
		};
/* End PBXGroup section */

/* Begin PBXNativeTarget section */
		073C1D382084F4E800E7E1D8 /* AppSuggest */ = {
			isa = PBXNativeTarget;
			buildConfigurationList = 073C1D4B2084F4E800E7E1D8 /* Build configuration list for PBXNativeTarget "AppSuggest" */;
			buildPhases = (
				073C1D352084F4E800E7E1D8 /* Sources */,
				073C1D362084F4E800E7E1D8 /* Frameworks */,
				073C1D372084F4E800E7E1D8 /* Resources */,
			);
			buildRules = (
			);
			dependencies = (
			);
			name = AppSuggest;
			productName = AppSuggest;
			productReference = 073C1D392084F4E800E7E1D8 /* AppSuggest.app */;
			productType = "com.apple.product-type.application";
		};
/* End PBXNativeTarget section */

/* Begin PBXProject section */
		073C1D312084F4E800E7E1D8 /* Project object */ = {
			isa = PBXProject;
			attributes = {
				LastSwiftUpdateCheck = 0910;
				LastUpgradeCheck = 0910;
				ORGANIZATIONNAME = Israel3D;
				TargetAttributes = {
					073C1D382084F4E800E7E1D8 = {
						CreatedOnToolsVersion = 9.1;
						ProvisioningStyle = Automatic;
					};
				};
			};
			buildConfigurationList = 073C1D342084F4E800E7E1D8 /* Build configuration list for PBXProject "AppSuggest" */;
			compatibilityVersion = "Xcode 8.0";
			developmentRegion = en;
			hasScannedForEncodings = 0;
			knownRegions = (
				en,
				Base,
			);
			mainGroup = 073C1D302084F4E800E7E1D8;
			productRefGroup = 073C1D3A2084F4E800E7E1D8 /* Products */;
			projectDirPath = "";
			projectRoot = "";
			targets = (
				073C1D382084F4E800E7E1D8 /* AppSuggest */,
			);
		};
/* End PBXProject section */

/* Begin PBXResourcesBuildPhase section */
		073C1D372084F4E800E7E1D8 /* Resources */ = {
			isa = PBXResourcesBuildPhase;
			buildActionMask = 2147483647;
			files = (
				073C1D472084F4E800E7E1D8 /* LaunchScreen.storyboard in Resources */,
				073C1D442084F4E800E7E1D8 /* Assets.xcassets in Resources */,
				073C1D422084F4E800E7E1D8 /* Main.storyboard in Resources */,
			);
			runOnlyForDeploymentPostprocessing = 0;
		};
/* End PBXResourcesBuildPhase section */

/* Begin PBXSourcesBuildPhase section */
		073C1D352084F4E800E7E1D8 /* Sources */ = {
			isa = PBXSourcesBuildPhase;
			buildActionMask = 2147483647;
			files = (
				073C1D3F2084F4E800E7E1D8 /* ViewController.swift in Sources */,
				073C1D3D2084F4E800E7E1D8 /* AppDelegate.swift in Sources */,
			);
			runOnlyForDeploymentPostprocessing = 0;
		};
/* End PBXSourcesBuildPhase section */

/* Begin PBXVariantGroup section */
		073C1D402084F4E800E7E1D8 /* Main.storyboard */ = {
			isa = PBXVariantGroup;
			children = (
				073C1D412084F4E800E7E1D8 /* Base */,
			);
			name = Main.storyboard;
			sourceTree = "<group>";
		};
		073C1D452084F4E800E7E1D8 /* LaunchScreen.storyboard */ = {
			isa = PBXVariantGroup;
			children = (
				073C1D462084F4E800E7E1D8 /* Base */,
			);
			name = LaunchScreen.storyboard;
			sourceTree = "<group>";
		};
/* End PBXVariantGroup section */

/* Begin XCBuildConfiguration section */
		073C1D492084F4E800E7E1D8 /* Debug */ = {
			isa = XCBuildConfiguration;
			buildSettings = {
				ALWAYS_SEARCH_USER_PATHS = NO;
				CLANG_ANALYZER_NONNULL = YES;
				CLANG_ANALYZER_NUMBER_OBJECT_CONVERSION = YES_AGGRESSIVE;
				CLANG_CXX_LANGUAGE_STANDARD = "gnu++14";
				CLANG_CXX_LIBRARY = "libc++";
				CLANG_ENABLE_MODULES = YES;
				CLANG_ENABLE_OBJC_ARC = YES;
				CLANG_WARN_BLOCK_CAPTURE_AUTORELEASING = YES;
				CLANG_WARN_BOOL_CONVERSION = YES;
				CLANG_WARN_COMMA = YES;
				CLANG_WARN_CONSTANT_CONVERSION = YES;
				CLANG_WARN_DIRECT_OBJC_ISA_USAGE = YES_ERROR;
				CLANG_WARN_DOCUMENTATION_COMMENTS = YES;
				CLANG_WARN_EMPTY_BODY = YES;
				CLANG_WARN_ENUM_CONVERSION = YES;
				CLANG_WARN_INFINITE_RECURSION = YES;
				CLANG_WARN_INT_CONVERSION = YES;
				CLANG_WARN_NON_LITERAL_NULL_CONVERSION = YES;
				CLANG_WARN_OBJC_LITERAL_CONVERSION = YES;
				CLANG_WARN_OBJC_ROOT_CLASS = YES_ERROR;
				CLANG_WARN_RANGE_LOOP_ANALYSIS = YES;
				CLANG_WARN_STRICT_PROTOTYPES = YES;
				CLANG_WARN_SUSPICIOUS_MOVE = YES;
				CLANG_WARN_UNGUARDED_AVAILABILITY = YES_AGGRESSIVE;
				CLANG_WARN_UNREACHABLE_CODE = YES;
				CLANG_WARN__DUPLICATE_METHOD_MATCH = YES;
				CODE_SIGN_IDENTITY = "iPhone Developer";
				COPY_PHASE_STRIP = NO;
				DEBUG_INFORMATION_FORMAT = dwarf;
				ENABLE_STRICT_OBJC_MSGSEND = YES;
				ENABLE_TESTABILITY = YES;
				GCC_C_LANGUAGE_STANDARD = gnu11;
				GCC_DYNAMIC_NO_PIC = NO;
				GCC_NO_COMMON_BLOCKS = YES;
				GCC_OPTIMIZATION_LEVEL = 0;
				GCC_PREPROCESSOR_DEFINITIONS = (
					"DEBUG=1",
					"$(inherited)",
				);
				GCC_WARN_64_TO_32_BIT_CONVERSION = YES;
				GCC_WARN_ABOUT_RETURN_TYPE = YES_ERROR;
				GCC_WARN_UNDECLARED_SELECTOR = YES;
				GCC_WARN_UNINITIALIZED_AUTOS = YES_AGGRESSIVE;
				GCC_WARN_UNUSED_FUNCTION = YES;
				GCC_WARN_UNUSED_VARIABLE = YES;
				IPHONEOS_DEPLOYMENT_TARGET = 11.1;
				MTL_ENABLE_DEBUG_INFO = YES;
				ONLY_ACTIVE_ARCH = YES;
				SDKROOT = iphoneos;
				SWIFT_ACTIVE_COMPILATION_CONDITIONS = DEBUG;
				SWIFT_OPTIMIZATION_LEVEL = "-Onone";
			};
			name = Debug;
		};
		073C1D4A2084F4E800E7E1D8 /* Release */ = {
			isa = XCBuildConfiguration;
			buildSettings = {
				ALWAYS_SEARCH_USER_PATHS = NO;
				CLANG_ANALYZER_NONNULL = YES;
				CLANG_ANALYZER_NUMBER_OBJECT_CONVERSION = YES_AGGRESSIVE;
				CLANG_CXX_LANGUAGE_STANDARD = "gnu++14";
				CLANG_CXX_LIBRARY = "libc++";
				CLANG_ENABLE_MODULES = YES;
				CLANG_ENABLE_OBJC_ARC = YES;
				CLANG_WARN_BLOCK_CAPTURE_AUTORELEASING = YES;
				CLANG_WARN_BOOL_CONVERSION = YES;
				CLANG_WARN_COMMA = YES;
				CLANG_WARN_CONSTANT_CONVERSION = YES;
				CLANG_WARN_DIRECT_OBJC_ISA_USAGE = YES_ERROR;
				CLANG_WARN_DOCUMENTATION_COMMENTS = YES;
				CLANG_WARN_EMPTY_BODY = YES;
				CLANG_WARN_ENUM_CONVERSION = YES;
				CLANG_WARN_INFINITE_RECURSION = YES;
				CLANG_WARN_INT_CONVERSION = YES;
				CLANG_WARN_NON_LITERAL_NULL_CONVERSION = YES;
				CLANG_WARN_OBJC_LITERAL_CONVERSION = YES;
				CLANG_WARN_OBJC_ROOT_CLASS = YES_ERROR;
				CLANG_WARN_RANGE_LOOP_ANALYSIS = YES;
				CLANG_WARN_STRICT_PROTOTYPES = YES;
				CLANG_WARN_SUSPICIOUS_MOVE = YES;
				CLANG_WARN_UNGUARDED_AVAILABILITY = YES_AGGRESSIVE;
				CLANG_WARN_UNREACHABLE_CODE = YES;
				CLANG_WARN__DUPLICATE_METHOD_MATCH = YES;
				CODE_SIGN_IDENTITY = "iPhone Developer";
				COPY_PHASE_STRIP = NO;
				DEBUG_INFORMATION_FORMAT = "dwarf-with-dsym";
				ENABLE_NS_ASSERTIONS = NO;
				ENABLE_STRICT_OBJC_MSGSEND = YES;
				GCC_C_LANGUAGE_STANDARD = gnu11;
				GCC_NO_COMMON_BLOCKS = YES;
				GCC_WARN_64_TO_32_BIT_CONVERSION = YES;
				GCC_WARN_ABOUT_RETURN_TYPE = YES_ERROR;
				GCC_WARN_UNDECLARED_SELECTOR = YES;
				GCC_WARN_UNINITIALIZED_AUTOS = YES_AGGRESSIVE;
				GCC_WARN_UNUSED_FUNCTION = YES;
				GCC_WARN_UNUSED_VARIABLE = YES;
				IPHONEOS_DEPLOYMENT_TARGET = 11.1;
				MTL_ENABLE_DEBUG_INFO = NO;
				SDKROOT = iphoneos;
				SWIFT_OPTIMIZATION_LEVEL = "-Owholemodule";
				VALIDATE_PRODUCT = YES;
			};
			name = Release;
		};
		073C1D4C2084F4E800E7E1D8 /* Debug */ = {
			isa = XCBuildConfiguration;
			buildSettings = {
				ASSETCATALOG_COMPILER_APPICON_NAME = AppIcon;
				CODE_SIGN_STYLE = Automatic;
				DEVELOPMENT_TEAM = FPH78JW9WA;
				INFOPLIST_FILE = AppSuggest/Info.plist;
				LD_RUNPATH_SEARCH_PATHS = "$(inherited) @executable_path/Frameworks";
				PRODUCT_BUNDLE_IDENTIFIER = israel3D.AppSuggest;
				PRODUCT_NAME = "$(TARGET_NAME)";
				SWIFT_VERSION = 4.0;
				TARGETED_DEVICE_FAMILY = "1,2";
			};
			name = Debug;
		};
		073C1D4D2084F4E800E7E1D8 /* Release */ = {
			isa = XCBuildConfiguration;
			buildSettings = {
				ASSETCATALOG_COMPILER_APPICON_NAME = AppIcon;
				CODE_SIGN_STYLE = Automatic;
				DEVELOPMENT_TEAM = FPH78JW9WA;
				INFOPLIST_FILE = AppSuggest/Info.plist;
				LD_RUNPATH_SEARCH_PATHS = "$(inherited) @executable_path/Frameworks";
				PRODUCT_BUNDLE_IDENTIFIER = israel3D.AppSuggest;
				PRODUCT_NAME = "$(TARGET_NAME)";
				SWIFT_VERSION = 4.0;
				TARGETED_DEVICE_FAMILY = "1,2";
			};
			name = Release;
		};
/* End XCBuildConfiguration section */

/* Begin XCConfigurationList section */
		073C1D342084F4E800E7E1D8 /* Build configuration list for PBXProject "AppSuggest" */ = {
			isa = XCConfigurationList;
			buildConfigurations = (
				073C1D492084F4E800E7E1D8 /* Debug */,
				073C1D4A2084F4E800E7E1D8 /* Release */,
			);
			defaultConfigurationIsVisible = 0;
			defaultConfigurationName = Release;
		};
		073C1D4B2084F4E800E7E1D8 /* Build configuration list for PBXNativeTarget "AppSuggest" */ = {
			isa = XCConfigurationList;
			buildConfigurations = (
				073C1D4C2084F4E800E7E1D8 /* Debug */,
				073C1D4D2084F4E800E7E1D8 /* Release */,
			);
			defaultConfigurationIsVisible = 0;
			defaultConfigurationName = Release;
		};
/* End XCConfigurationList section */
	};
	rootObject = 073C1D312084F4E800E7E1D8 /* Project object */;
}
